
Microsoft Visual Studio Solution File, Format Version 12.00
# Visual Studio Version 17
VisualStudioVersion = 17.1.32210.238
MinimumVisualStudioVersion = 10.0.40219.1
Project("{2150E333-8FDC-42A3-9474-1A3956D46DE8}") = "Services", "Services", "{3437D867-39BA-42B5-8A1C-95825CE01BDD}"
EndProject
Project("{2150E333-8FDC-42A3-9474-1A3956D46DE8}") = "Catalog", "Catalog", "{11460BDB-AE9D-438F-93AB-0C214629D0AB}"
EndProject
Project("{9A19103F-16F7-4668-BE54-9A1E7A4F7556}") = "Catalog.API", "Services\Catalog\Catalog.API\Catalog.API.csproj", "{F80D3F53-3112-44D0-922E-FA8B1EC26584}"
EndProject
Project("{E53339B2-1760-4266-BCC7-CA923CBCF16C}") = "docker-compose", "docker-compose.dcproj", "{97B8C7C1-2804-4E3D-BDDD-F4BD63BA7C85}"
EndProject
Project("{2150E333-8FDC-42A3-9474-1A3956D46DE8}") = "Basket", "Basket", "{B25ECC27-AA14-4F7B-BB7A-DF090DE232A4}"
EndProject
Project("{9A19103F-16F7-4668-BE54-9A1E7A4F7556}") = "Basket.API", "Services\Basket\Basket.API\Basket.API.csproj", "{746DD087-1AE8-4114-B90F-8EBE99A346D3}"
EndProject
Project("{2150E333-8FDC-42A3-9474-1A3956D46DE8}") = "Discount", "Discount", "{5E8E6479-4021-4E2A-855C-697185EC5776}"
EndProject
Project("{9A19103F-16F7-4668-BE54-9A1E7A4F7556}") = "Discount.API", "Services\Discount\Discount.API\Discount.API.csproj", "{282EF27E-E949-4102-BD00-D641AE1610DA}"
EndProject
Project("{9A19103F-16F7-4668-BE54-9A1E7A4F7556}") = "Discount.Grpc", "Services\Discount\Discount.Grpc\Discount.Grpc.csproj", "{066C358D-459B-4F58-975A-E75677056BA7}"
EndProject
Project("{2150E333-8FDC-42A3-9474-1A3956D46DE8}") = "Ordering", "Ordering", "{92D1B63E-81F3-4F35-812D-CDF2934490F1}"
EndProject
Project("{9A19103F-16F7-4668-BE54-9A1E7A4F7556}") = "Ordering.API", "Services\Ordering\Ordering.API\Ordering.API.csproj", "{2E005E87-0E58-4E06-A0E2-BE5855111BE1}"
EndProject
Project("{9A19103F-16F7-4668-BE54-9A1E7A4F7556}") = "Ordering.Domain", "Services\Ordering\Ordering.Domain\Ordering.Domain.csproj", "{4B402311-DAD7-4052-BFB7-C45540C3453C}"
EndProject
Project("{9A19103F-16F7-4668-BE54-9A1E7A4F7556}") = "Ordering.Application", "Services\Ordering\Ordering.Application\Ordering.Application.csproj", "{F38C43CD-5498-4BF4-A881-D7AF9845A29D}"
	ProjectSection(ProjectDependencies) = postProject
		{4B402311-DAD7-4052-BFB7-C45540C3453C} = {4B402311-DAD7-4052-BFB7-C45540C3453C}
	EndProjectSection
EndProject
Project("{9A19103F-16F7-4668-BE54-9A1E7A4F7556}") = "Ordering.Infrastructure", "Services\Ordering\Ordering.Infrastructure\Ordering.Infrastructure.csproj", "{BDD58737-690A-4EA2-96BC-D6633DB9B6E0}"
EndProject
Project("{2150E333-8FDC-42A3-9474-1A3956D46DE8}") = "BuildingBlocks", "BuildingBlocks", "{5CDAFCB0-7822-48EF-BD0A-35C9CFAFBFDB}"
EndProject
Project("{9A19103F-16F7-4668-BE54-9A1E7A4F7556}") = "EventBus.Messages", "BuildingBlocks\EventBus.Messages\EventBus.Messages.csproj", "{5CAF84CE-A323-41DC-8C08-85905A482BB0}"
EndProject
Project("{2150E333-8FDC-42A3-9474-1A3956D46DE8}") = "ApiGateways", "ApiGateways", "{35B98672-A5C3-41B0-B9C8-BC98CEE38A3D}"
EndProject
Project("{9A19103F-16F7-4668-BE54-9A1E7A4F7556}") = "OcelotApiGw", "ApiGateways\OcelotApiGw\OcelotApiGw.csproj", "{6B48AF27-D98E-41B4-AF6C-3B1EE8A442A2}"
EndProject
Project("{9A19103F-16F7-4668-BE54-9A1E7A4F7556}") = "Shopping.Aggregator", "ApiGateways\Shopping.Aggregator\Shopping.Aggregator.csproj", "{8AC8C2FF-F3BA-48DC-BB34-516DCFFF3502}"
EndProject
Project("{2150E333-8FDC-42A3-9474-1A3956D46DE8}") = "WebApps", "WebApps", "{EE4B653F-E0E7-4FC4-A89B-89C3A3FAC122}"
EndProject
Project("{9A19103F-16F7-4668-BE54-9A1E7A4F7556}") = "AspnetRunBasics", "WebApps\AspnetRunBasics\AspnetRunBasics.csproj", "{A455CA5E-A7BF-47A0-8019-4F6C7F3F4ACF}"
EndProject
Global
	GlobalSection(SolutionConfigurationPlatforms) = preSolution
		Debug|Any CPU = Debug|Any CPU
		Release|Any CPU = Release|Any CPU
	EndGlobalSection
	GlobalSection(ProjectConfigurationPlatforms) = postSolution
		{F80D3F53-3112-44D0-922E-FA8B1EC26584}.Debug|Any CPU.ActiveCfg = Debug|Any CPU
		{F80D3F53-3112-44D0-922E-FA8B1EC26584}.Debug|Any CPU.Build.0 = Debug|Any CPU
		{F80D3F53-3112-44D0-922E-FA8B1EC26584}.Release|Any CPU.ActiveCfg = Release|Any CPU
		{F80D3F53-3112-44D0-922E-FA8B1EC26584}.Release|Any CPU.Build.0 = Release|Any CPU
		{97B8C7C1-2804-4E3D-BDDD-F4BD63BA7C85}.Debug|Any CPU.ActiveCfg = Debug|Any CPU
		{97B8C7C1-2804-4E3D-BDDD-F4BD63BA7C85}.Debug|Any CPU.Build.0 = Debug|Any CPU
		{97B8C7C1-2804-4E3D-BDDD-F4BD63BA7C85}.Release|Any CPU.ActiveCfg = Release|Any CPU
		{97B8C7C1-2804-4E3D-BDDD-F4BD63BA7C85}.Release|Any CPU.Build.0 = Release|Any CPU
		{746DD087-1AE8-4114-B90F-8EBE99A346D3}.Debug|Any CPU.ActiveCfg = Debug|Any CPU
		{746DD087-1AE8-4114-B90F-8EBE99A346D3}.Debug|Any CPU.Build.0 = Debug|Any CPU
		{746DD087-1AE8-4114-B90F-8EBE99A346D3}.Release|Any CPU.ActiveCfg = Release|Any CPU
		{746DD087-1AE8-4114-B90F-8EBE99A346D3}.Release|Any CPU.Build.0 = Release|Any CPU
		{282EF27E-E949-4102-BD00-D641AE1610DA}.Debug|Any CPU.ActiveCfg = Debug|Any CPU
		{282EF27E-E949-4102-BD00-D641AE1610DA}.Debug|Any CPU.Build.0 = Debug|Any CPU
		{282EF27E-E949-4102-BD00-D641AE1610DA}.Release|Any CPU.ActiveCfg = Release|Any CPU
		{282EF27E-E949-4102-BD00-D641AE1610DA}.Release|Any CPU.Build.0 = Release|Any CPU
		{066C358D-459B-4F58-975A-E75677056BA7}.Debug|Any CPU.ActiveCfg = Debug|Any CPU
		{066C358D-459B-4F58-975A-E75677056BA7}.Debug|Any CPU.Build.0 = Debug|Any CPU
		{066C358D-459B-4F58-975A-E75677056BA7}.Release|Any CPU.ActiveCfg = Release|Any CPU
		{066C358D-459B-4F58-975A-E75677056BA7}.Release|Any CPU.Build.0 = Release|Any CPU
		{2E005E87-0E58-4E06-A0E2-BE5855111BE1}.Debug|Any CPU.ActiveCfg = Debug|Any CPU
		{2E005E87-0E58-4E06-A0E2-BE5855111BE1}.Debug|Any CPU.Build.0 = Debug|Any CPU
		{2E005E87-0E58-4E06-A0E2-BE5855111BE1}.Release|Any CPU.ActiveCfg = Release|Any CPU
		{2E005E87-0E58-4E06-A0E2-BE5855111BE1}.Release|Any CPU.Build.0 = Release|Any CPU
		{4B402311-DAD7-4052-BFB7-C45540C3453C}.Debug|Any CPU.ActiveCfg = Debug|Any CPU
		{4B402311-DAD7-4052-BFB7-C45540C3453C}.Debug|Any CPU.Build.0 = Debug|Any CPU
		{4B402311-DAD7-4052-BFB7-C45540C3453C}.Release|Any CPU.ActiveCfg = Release|Any CPU
		{4B402311-DAD7-4052-BFB7-C45540C3453C}.Release|Any CPU.Build.0 = Release|Any CPU
		{F38C43CD-5498-4BF4-A881-D7AF9845A29D}.Debug|Any CPU.ActiveCfg = Debug|Any CPU
		{F38C43CD-5498-4BF4-A881-D7AF9845A29D}.Debug|Any CPU.Build.0 = Debug|Any CPU
		{F38C43CD-5498-4BF4-A881-D7AF9845A29D}.Release|Any CPU.ActiveCfg = Release|Any CPU
		{F38C43CD-5498-4BF4-A881-D7AF9845A29D}.Release|Any CPU.Build.0 = Release|Any CPU
		{BDD58737-690A-4EA2-96BC-D6633DB9B6E0}.Debug|Any CPU.ActiveCfg = Debug|Any CPU
		{BDD58737-690A-4EA2-96BC-D6633DB9B6E0}.Debug|Any CPU.Build.0 = Debug|Any CPU
		{BDD58737-690A-4EA2-96BC-D6633DB9B6E0}.Release|Any CPU.ActiveCfg = Release|Any CPU
		{BDD58737-690A-4EA2-96BC-D6633DB9B6E0}.Release|Any CPU.Build.0 = Release|Any CPU
		{5CAF84CE-A323-41DC-8C08-85905A482BB0}.Debug|Any CPU.ActiveCfg = Debug|Any CPU
		{5CAF84CE-A323-41DC-8C08-85905A482BB0}.Debug|Any CPU.Build.0 = Debug|Any CPU
		{5CAF84CE-A323-41DC-8C08-85905A482BB0}.Release|Any CPU.ActiveCfg = Release|Any CPU
		{5CAF84CE-A323-41DC-8C08-85905A482BB0}.Release|Any CPU.Build.0 = Release|Any CPU
		{6B48AF27-D98E-41B4-AF6C-3B1EE8A442A2}.Debug|Any CPU.ActiveCfg = Debug|Any CPU
		{6B48AF27-D98E-41B4-AF6C-3B1EE8A442A2}.Debug|Any CPU.Build.0 = Debug|Any CPU
		{6B48AF27-D98E-41B4-AF6C-3B1EE8A442A2}.Release|Any CPU.ActiveCfg = Release|Any CPU
		{6B48AF27-D98E-41B4-AF6C-3B1EE8A442A2}.Release|Any CPU.Build.0 = Release|Any CPU
		{8AC8C2FF-F3BA-48DC-BB34-516DCFFF3502}.Debug|Any CPU.ActiveCfg = Debug|Any CPU
		{8AC8C2FF-F3BA-48DC-BB34-516DCFFF3502}.Debug|Any CPU.Build.0 = Debug|Any CPU
		{8AC8C2FF-F3BA-48DC-BB34-516DCFFF3502}.Release|Any CPU.ActiveCfg = Release|Any CPU
		{8AC8C2FF-F3BA-48DC-BB34-516DCFFF3502}.Release|Any CPU.Build.0 = Release|Any CPU
		{A455CA5E-A7BF-47A0-8019-4F6C7F3F4ACF}.Debug|Any CPU.ActiveCfg = Debug|Any CPU
		{A455CA5E-A7BF-47A0-8019-4F6C7F3F4ACF}.Debug|Any CPU.Build.0 = Debug|Any CPU
		{A455CA5E-A7BF-47A0-8019-4F6C7F3F4ACF}.Release|Any CPU.ActiveCfg = Release|Any CPU
		{A455CA5E-A7BF-47A0-8019-4F6C7F3F4ACF}.Release|Any CPU.Build.0 = Release|Any CPU
	EndGlobalSection
	GlobalSection(SolutionProperties) = preSolution
		HideSolutionNode = FALSE
	EndGlobalSection
	GlobalSection(NestedProjects) = preSolution
		{11460BDB-AE9D-438F-93AB-0C214629D0AB} = {3437D867-39BA-42B5-8A1C-95825CE01BDD}
		{F80D3F53-3112-44D0-922E-FA8B1EC26584} = {11460BDB-AE9D-438F-93AB-0C214629D0AB}
		{B25ECC27-AA14-4F7B-BB7A-DF090DE232A4} = {3437D867-39BA-42B5-8A1C-95825CE01BDD}
		{746DD087-1AE8-4114-B90F-8EBE99A346D3} = {B25ECC27-AA14-4F7B-BB7A-DF090DE232A4}
		{5E8E6479-4021-4E2A-855C-697185EC5776} = {3437D867-39BA-42B5-8A1C-95825CE01BDD}
		{282EF27E-E949-4102-BD00-D641AE1610DA} = {5E8E6479-4021-4E2A-855C-697185EC5776}
		{066C358D-459B-4F58-975A-E75677056BA7} = {5E8E6479-4021-4E2A-855C-697185EC5776}
		{92D1B63E-81F3-4F35-812D-CDF2934490F1} = {3437D867-39BA-42B5-8A1C-95825CE01BDD}
		{2E005E87-0E58-4E06-A0E2-BE5855111BE1} = {92D1B63E-81F3-4F35-812D-CDF2934490F1}
		{4B402311-DAD7-4052-BFB7-C45540C3453C} = {92D1B63E-81F3-4F35-812D-CDF2934490F1}
		{F38C43CD-5498-4BF4-A881-D7AF9845A29D} = {92D1B63E-81F3-4F35-812D-CDF2934490F1}
		{BDD58737-690A-4EA2-96BC-D6633DB9B6E0} = {92D1B63E-81F3-4F35-812D-CDF2934490F1}
		{5CAF84CE-A323-41DC-8C08-85905A482BB0} = {5CDAFCB0-7822-48EF-BD0A-35C9CFAFBFDB}
		{6B48AF27-D98E-41B4-AF6C-3B1EE8A442A2} = {35B98672-A5C3-41B0-B9C8-BC98CEE38A3D}
		{8AC8C2FF-F3BA-48DC-BB34-516DCFFF3502} = {35B98672-A5C3-41B0-B9C8-BC98CEE38A3D}
		{A455CA5E-A7BF-47A0-8019-4F6C7F3F4ACF} = {EE4B653F-E0E7-4FC4-A89B-89C3A3FAC122}
	EndGlobalSection
	GlobalSection(ExtensibilityGlobals) = postSolution
		SolutionGuid = {DACB6ABF-8603-4535-8F56-BDB54C3445AC}
	EndGlobalSection
EndGlobal
